
Microsoft Visual Studio Solution File, Format Version 12.00
# Visual Studio Version 17
VisualStudioVersion = 17.11.35219.272
MinimumVisualStudioVersion = 10.0.40219.1
Project("{FAE04EC0-301F-11D3-BF4B-00C04F79EFBC}") = "FLORENCE_Client_Assembly_TEMPLATE", "FLORENCE_Client_Assembly_TEMPLATE.csproj", "{8129A95B-2E5F-4ED3-9AD5-944133F98D88}"
EndProject
Global
	GlobalSection(SolutionConfigurationPlatforms) = preSolution
		Debug|Any CPU = Debug|Any CPU
		Release|Any CPU = Release|Any CPU
	EndGlobalSection
	GlobalSection(ProjectConfigurationPlatforms) = postSolution
		{8129A95B-2E5F-4ED3-9AD5-944133F98D88}.Debug|Any CPU.ActiveCfg = Debug|Any CPU
		{8129A95B-2E5F-4ED3-9AD5-944133F98D88}.Debug|Any CPU.Build.0 = Debug|Any CPU
		{8129A95B-2E5F-4ED3-9AD5-944133F98D88}.Release|Any CPU.ActiveCfg = Release|Any CPU
		{8129A95B-2E5F-4ED3-9AD5-944133F98D88}.Release|Any CPU.Build.0 = Release|Any CPU
	EndGlobalSection
	GlobalSection(SolutionProperties) = preSolution
		HideSolutionNode = FALSE
	EndGlobalSection
	GlobalSection(ExtensibilityGlobals) = postSolution
		SolutionGuid = {C0074BF3-CB03-48FC-88AE-07F494F48ECC}
	EndGlobalSection
EndGlobal
